
Microsoft Visual Studio Solution File, Format Version 12.00
Project("{2150E333-8FDC-42A3-9474-1A3956D46DE8}") = "src", "src", "{827E0CD3-B72D-47B6-A68D-7590B98EB39B}"
EndProject
Project("{FAE04EC0-301F-11D3-BF4B-00C04F79EFBC}") = "zuroWa.Core", "src\zuroWa.Core\zuroWa.Core.csproj", "{0190A286-EB9E-4458-8662-08DC32022A63}"
EndProject
Project("{FAE04EC0-301F-11D3-BF4B-00C04F79EFBC}") = "zuroWa.Web", "src\zuroWa.Web\zuroWa.Web.csproj", "{1F5A2E7B-BFCA-475E-A07A-7FE8F56BD933}"
EndProject
Global
	GlobalSection(SolutionConfigurationPlatforms) = preSolution
		Debug|Any CPU = Debug|Any CPU
		Debug|x64 = Debug|x64
		Debug|x86 = Debug|x86
		Release|Any CPU = Release|Any CPU
		Release|x64 = Release|x64
		Release|x86 = Release|x86
	EndGlobalSection
	GlobalSection(ProjectConfigurationPlatforms) = postSolution
		{0190A286-EB9E-4458-8662-08DC32022A63}.Debug|Any CPU.ActiveCfg = Debug|Any CPU
		{0190A286-EB9E-4458-8662-08DC32022A63}.Debug|Any CPU.Build.0 = Debug|Any CPU
		{0190A286-EB9E-4458-8662-08DC32022A63}.Debug|x64.ActiveCfg = Debug|Any CPU
		{0190A286-EB9E-4458-8662-08DC32022A63}.Debug|x64.Build.0 = Debug|Any CPU
		{0190A286-EB9E-4458-8662-08DC32022A63}.Debug|x86.ActiveCfg = Debug|Any CPU
		{0190A286-EB9E-4458-8662-08DC32022A63}.Debug|x86.Build.0 = Debug|Any CPU
		{0190A286-EB9E-4458-8662-08DC32022A63}.Release|Any CPU.ActiveCfg = Release|Any CPU
		{0190A286-EB9E-4458-8662-08DC32022A63}.Release|Any CPU.Build.0 = Release|Any CPU
		{0190A286-EB9E-4458-8662-08DC32022A63}.Release|x64.ActiveCfg = Release|Any CPU
		{0190A286-EB9E-4458-8662-08DC32022A63}.Release|x64.Build.0 = Release|Any CPU
		{0190A286-EB9E-4458-8662-08DC32022A63}.Release|x86.ActiveCfg = Release|Any CPU
		{0190A286-EB9E-4458-8662-08DC32022A63}.Release|x86.Build.0 = Release|Any CPU
		{1F5A2E7B-BFCA-475E-A07A-7FE8F56BD933}.Debug|Any CPU.ActiveCfg = Debug|Any CPU
		{1F5A2E7B-BFCA-475E-A07A-7FE8F56BD933}.Debug|Any CPU.Build.0 = Debug|Any CPU
		{1F5A2E7B-BFCA-475E-A07A-7FE8F56BD933}.Debug|x64.ActiveCfg = Debug|Any CPU
		{1F5A2E7B-BFCA-475E-A07A-7FE8F56BD933}.Debug|x64.Build.0 = Debug|Any CPU
		{1F5A2E7B-BFCA-475E-A07A-7FE8F56BD933}.Debug|x86.ActiveCfg = Debug|Any CPU
		{1F5A2E7B-BFCA-475E-A07A-7FE8F56BD933}.Debug|x86.Build.0 = Debug|Any CPU
		{1F5A2E7B-BFCA-475E-A07A-7FE8F56BD933}.Release|Any CPU.ActiveCfg = Release|Any CPU
		{1F5A2E7B-BFCA-475E-A07A-7FE8F56BD933}.Release|Any CPU.Build.0 = Release|Any CPU
		{1F5A2E7B-BFCA-475E-A07A-7FE8F56BD933}.Release|x64.ActiveCfg = Release|Any CPU
		{1F5A2E7B-BFCA-475E-A07A-7FE8F56BD933}.Release|x64.Build.0 = Release|Any CPU
		{1F5A2E7B-BFCA-475E-A07A-7FE8F56BD933}.Release|x86.ActiveCfg = Release|Any CPU
		{1F5A2E7B-BFCA-475E-A07A-7FE8F56BD933}.Release|x86.Build.0 = Release|Any CPU
	EndGlobalSection
	GlobalSection(SolutionProperties) = preSolution
		HideSolutionNode = FALSE
	EndGlobalSection
	GlobalSection(NestedProjects) = preSolution
		{0190A286-EB9E-4458-8662-08DC32022A63} = {827E0CD3-B72D-47B6-A68D-7590B98EB39B}
		{1F5A2E7B-BFCA-475E-A07A-7FE8F56BD933} = {827E0CD3-B72D-47B6-A68D-7590B98EB39B}
	EndGlobalSection
EndGlobal
